// !$*UTF8*$!
{
	archiveVersion = 1;
	classes = {
	};
	objectVersion = 46;
	objects = {

/* Begin PBXBuildFile section */
		02132BDE1C1914A300BA90D9 /* main.m in Sources */ = {isa = PBXBuildFile; fileRef = 02132BDD1C1914A300BA90D9 /* main.m */; };
		02132BE11C1914A300BA90D9 /* AppDelegate.m in Sources */ = {isa = PBXBuildFile; fileRef = 02132BE01C1914A300BA90D9 /* AppDelegate.m */; };
		02132BE41C1914A300BA90D9 /* ViewController.m in Sources */ = {isa = PBXBuildFile; fileRef = 02132BE31C1914A300BA90D9 /* ViewController.m */; };
		02132BE71C1914A300BA90D9 /* Main.storyboard in Resources */ = {isa = PBXBuildFile; fileRef = 02132BE51C1914A300BA90D9 /* Main.storyboard */; };
		02132BE91C1914A300BA90D9 /* Images.xcassets in Resources */ = {isa = PBXBuildFile; fileRef = 02132BE81C1914A300BA90D9 /* Images.xcassets */; };
		02132BEC1C1914A300BA90D9 /* LaunchScreen.xib in Resources */ = {isa = PBXBuildFile; fileRef = 02132BEA1C1914A300BA90D9 /* LaunchScreen.xib */; };
		02132BF81C1914A300BA90D9 /* MessageDemoTests.m in Sources */ = {isa = PBXBuildFile; fileRef = 02132BF71C1914A300BA90D9 /* MessageDemoTests.m */; };
/* End PBXBuildFile section */

/* Begin PBXContainerItemProxy section */
		02132BF21C1914A300BA90D9 /* PBXContainerItemProxy */ = {
			isa = PBXContainerItemProxy;
			containerPortal = 02132BD01C1914A300BA90D9 /* Project object */;
			proxyType = 1;
			remoteGlobalIDString = 02132BD71C1914A300BA90D9;
			remoteInfo = MessageDemo;
		};
/* End PBXContainerItemProxy section */

/* Begin PBXFileReference section */
		02132BD81C1914A300BA90D9 /* MessageDemo.app */ = {isa = PBXFileReference; explicitFileType = wrapper.application; includeInIndex = 0; path = MessageDemo.app; sourceTree = BUILT_PRODUCTS_DIR; };
		02132BDC1C1914A300BA90D9 /* Info.plist */ = {isa = PBXFileReference; lastKnownFileType = text.plist.xml; path = Info.plist; sourceTree = "<group>"; };
		02132BDD1C1914A300BA90D9 /* main.m */ = {isa = PBXFileReference; lastKnownFileType = sourcecode.c.objc; path = main.m; sourceTree = "<group>"; };
		02132BDF1C1914A300BA90D9 /* AppDelegate.h */ = {isa = PBXFileReference; lastKnownFileType = sourcecode.c.h; path = AppDelegate.h; sourceTree = "<group>"; };
		02132BE01C1914A300BA90D9 /* AppDelegate.m */ = {isa = PBXFileReference; lastKnownFileType = sourcecode.c.objc; path = AppDelegate.m; sourceTree = "<group>"; };
		02132BE21C1914A300BA90D9 /* ViewController.h */ = {isa = PBXFileReference; lastKnownFileType = sourcecode.c.h; path = ViewController.h; sourceTree = "<group>"; };
		02132BE31C1914A300BA90D9 /* ViewController.m */ = {isa = PBXFileReference; lastKnownFileType = sourcecode.c.objc; path = ViewController.m; sourceTree = "<group>"; };
		02132BE61C1914A300BA90D9 /* Base */ = {isa = PBXFileReference; lastKnownFileType = file.storyboard; name = Base; path = Base.lproj/Main.storyboard; sourceTree = "<group>"; };
		02132BE81C1914A300BA90D9 /* Images.xcassets */ = {isa = PBXFileReference; lastKnownFileType = folder.assetcatalog; path = Images.xcassets; sourceTree = "<group>"; };
		02132BEB1C1914A300BA90D9 /* Base */ = {isa = PBXFileReference; lastKnownFileType = file.xib; name = Base; path = Base.lproj/LaunchScreen.xib; sourceTree = "<group>"; };
		02132BF11C1914A300BA90D9 /* MessageDemoTests.xctest */ = {isa = PBXFileReference; explicitFileType = wrapper.cfbundle; includeInIndex = 0; path = MessageDemoTests.xctest; sourceTree = BUILT_PRODUCTS_DIR; };
		02132BF61C1914A300BA90D9 /* Info.plist */ = {isa = PBXFileReference; lastKnownFileType = text.plist.xml; path = Info.plist; sourceTree = "<group>"; };
		02132BF71C1914A300BA90D9 /* MessageDemoTests.m */ = {isa = PBXFileReference; lastKnownFileType = sourcecode.c.objc; path = MessageDemoTests.m; sourceTree = "<group>"; };
/* End PBXFileReference section */

/* Begin PBXFrameworksBuildPhase section */
		02132BD51C1914A300BA90D9 /* Frameworks */ = {
			isa = PBXFrameworksBuildPhase;
			buildActionMask = 2147483647;
			files = (
			);
			runOnlyForDeploymentPostprocessing = 0;
		};
		02132BEE1C1914A300BA90D9 /* Frameworks */ = {
			isa = PBXFrameworksBuildPhase;
			buildActionMask = 2147483647;
			files = (
			);
			runOnlyForDeploymentPostprocessing = 0;
		};
/* End PBXFrameworksBuildPhase section */

/* Begin PBXGroup section */
		02132BCF1C1914A300BA90D9 = {
			isa = PBXGroup;
			children = (
				02132BDA1C1914A300BA90D9 /* MessageDemo */,
				02132BF41C1914A300BA90D9 /* MessageDemoTests */,
				02132BD91C1914A300BA90D9 /* Products */,
			);
			sourceTree = "<group>";
		};
		02132BD91C1914A300BA90D9 /* Products */ = {
			isa = PBXGroup;
			children = (
				02132BD81C1914A300BA90D9 /* MessageDemo.app */,
				02132BF11C1914A300BA90D9 /* MessageDemoTests.xctest */,
			);
			name = Products;
			sourceTree = "<group>";
		};
		02132BDA1C1914A300BA90D9 /* MessageDemo */ = {
			isa = PBXGroup;
			children = (
				02132BDF1C1914A300BA90D9 /* AppDelegate.h */,
				02132BE01C1914A300BA90D9 /* AppDelegate.m */,
				02132BE21C1914A300BA90D9 /* ViewController.h */,
				02132BE31C1914A300BA90D9 /* ViewController.m */,
				02132BE51C1914A300BA90D9 /* Main.storyboard */,
				02132BE81C1914A300BA90D9 /* Images.xcassets */,
				02132BEA1C1914A300BA90D9 /* LaunchScreen.xib */,
				02132BDB1C1914A300BA90D9 /* Supporting Files */,
			);
			path = MessageDemo;
			sourceTree = "<group>";
		};
		02132BDB1C1914A300BA90D9 /* Supporting Files */ = {
			isa = PBXGroup;
			children = (
				02132BDC1C1914A300BA90D9 /* Info.plist */,
				02132BDD1C1914A300BA90D9 /* main.m */,
			);
			name = "Supporting Files";
			sourceTree = "<group>";
		};
		02132BF41C1914A300BA90D9 /* MessageDemoTests */ = {
			isa = PBXGroup;
			children = (
				02132BF71C1914A300BA90D9 /* MessageDemoTests.m */,
				02132BF51C1914A300BA90D9 /* Supporting Files */,
			);
			path = MessageDemoTests;
			sourceTree = "<group>";
		};
		02132BF51C1914A300BA90D9 /* Supporting Files */ = {
			isa = PBXGroup;
			children = (
				02132BF61C1914A300BA90D9 /* Info.plist */,
			);
			name = "Supporting Files";
			sourceTree = "<group>";
		};
/* End PBXGroup section */

/* Begin PBXNativeTarget section */
		02132BD71C1914A300BA90D9 /* MessageDemo */ = {
			isa = PBXNativeTarget;
			buildConfigurationList = 02132BFB1C1914A300BA90D9 /* Build configuration list for PBXNativeTarget "MessageDemo" */;
			buildPhases = (
				02132BD41C1914A300BA90D9 /* Sources */,
				02132BD51C1914A300BA90D9 /* Frameworks */,
				02132BD61C1914A300BA90D9 /* Resources */,
			);
			buildRules = (
			);
			dependencies = (
			);
			name = MessageDemo;
			productName = MessageDemo;
			productReference = 02132BD81C1914A300BA90D9 /* MessageDemo.app */;
			productType = "com.apple.product-type.application";
		};
		02132BF01C1914A300BA90D9 /* MessageDemoTests */ = {
			isa = PBXNativeTarget;
			buildConfigurationList = 02132BFE1C1914A300BA90D9 /* Build configuration list for PBXNativeTarget "MessageDemoTests" */;
			buildPhases = (
				02132BED1C1914A300BA90D9 /* Sources */,
				02132BEE1C1914A300BA90D9 /* Frameworks */,
				02132BEF1C1914A300BA90D9 /* Resources */,
			);
			buildRules = (
			);
			dependencies = (
				02132BF31C1914A300BA90D9 /* PBXTargetDependency */,
			);
			name = MessageDemoTests;
			productName = MessageDemoTests;
			productReference = 02132BF11C1914A300BA90D9 /* MessageDemoTests.xctest */;
			productType = "com.apple.product-type.bundle.unit-test";
		};
/* End PBXNativeTarget section */

/* Begin PBXProject section */
		02132BD01C1914A300BA90D9 /* Project object */ = {
			isa = PBXProject;
			attributes = {
				LastUpgradeCheck = 0630;
				ORGANIZATIONNAME = wufei;
				TargetAttributes = {
					02132BD71C1914A300BA90D9 = {
						CreatedOnToolsVersion = 6.3.2;
					};
					02132BF01C1914A300BA90D9 = {
						CreatedOnToolsVersion = 6.3.2;
						TestTargetID = 02132BD71C1914A300BA90D9;
					};
				};
			};
			buildConfigurationList = 02132BD31C1914A300BA90D9 /* Build configuration list for PBXProject "MessageDemo" */;
			compatibilityVersion = "Xcode 3.2";
			developmentRegion = English;
			hasScannedForEncodings = 0;
			knownRegions = (
				en,
				Base,
			);
			mainGroup = 02132BCF1C1914A300BA90D9;
			productRefGroup = 02132BD91C1914A300BA90D9 /* Products */;
			projectDirPath = "";
			projectRoot = "";
			targets = (
				02132BD71C1914A300BA90D9 /* MessageDemo */,
				02132BF01C1914A300BA90D9 /* MessageDemoTests */,
			);
		};
/* End PBXProject section */

/* Begin PBXResourcesBuildPhase section */
		02132BD61C1914A300BA90D9 /* Resources */ = {
			isa = PBXResourcesBuildPhase;
			buildActionMask = 2147483647;
			files = (
				02132BE71C1914A300BA90D9 /* Main.storyboard in Resources */,
				02132BEC1C1914A300BA90D9 /* LaunchScreen.xib in Resources */,
				02132BE91C1914A300BA90D9 /* Images.xcassets in Resources */,
			);
			runOnlyForDeploymentPostprocessing = 0;
		};
		02132BEF1C1914A300BA90D9 /* Resources */ = {
			isa = PBXResourcesBuildPhase;
			buildActionMask = 2147483647;
			files = (
			);
			runOnlyForDeploymentPostprocessing = 0;
		};
/* End PBXResourcesBuildPhase section */

/* Begin PBXSourcesBuildPhase section */
		02132BD41C1914A300BA90D9 /* Sources */ = {
			isa = PBXSourcesBuildPhase;
			buildActionMask = 2147483647;
			files = (
				02132BE41C1914A300BA90D9 /* ViewController.m in Sources */,
				02132BE11C1914A300BA90D9 /* AppDelegate.m in Sources */,
				02132BDE1C1914A300BA90D9 /* main.m in Sources */,
			);
			runOnlyForDeploymentPostprocessing = 0;
		};
		02132BED1C1914A300BA90D9 /* Sources */ = {
			isa = PBXSourcesBuildPhase;
			buildActionMask = 2147483647;
			files = (
				02132BF81C1914A300BA90D9 /* MessageDemoTests.m in Sources */,
			);
			runOnlyForDeploymentPostprocessing = 0;
		};
/* End PBXSourcesBuildPhase section */

/* Begin PBXTargetDependency section */
		02132BF31C1914A300BA90D9 /* PBXTargetDependency */ = {
			isa = PBXTargetDependency;
			target = 02132BD71C1914A300BA90D9 /* MessageDemo */;
			targetProxy = 02132BF21C1914A300BA90D9 /* PBXContainerItemProxy */;
		};
/* End PBXTargetDependency section */

/* Begin PBXVariantGroup section */
		02132BE51C1914A300BA90D9 /* Main.storyboard */ = {
			isa = PBXVariantGroup;
			children = (
				02132BE61C1914A300BA90D9 /* Base */,
			);
			name = Main.storyboard;
			sourceTree = "<group>";
		};
		02132BEA1C1914A300BA90D9 /* LaunchScreen.xib */ = {
			isa = PBXVariantGroup;
			children = (
				02132BEB1C1914A300BA90D9 /* Base */,
			);
			name = LaunchScreen.xib;
			sourceTree = "<group>";
		};
/* End PBXVariantGroup section */

/* Begin XCBuildConfiguration section */
		02132BF91C1914A300BA90D9 /* Debug */ = {
			isa = XCBuildConfiguration;
			buildSettings = {
				ALWAYS_SEARCH_USER_PATHS = NO;
				CLANG_CXX_LANGUAGE_STANDARD = "gnu++0x";
				CLANG_CXX_LIBRARY = "libc++";
				CLANG_ENABLE_MODULES = YES;
				CLANG_ENABLE_OBJC_ARC = YES;
				CLANG_WARN_BOOL_CONVERSION = YES;
				CLANG_WARN_CONSTANT_CONVERSION = YES;
				CLANG_WARN_DIRECT_OBJC_ISA_USAGE = YES_ERROR;
				CLANG_WARN_EMPTY_BODY = YES;
				CLANG_WARN_ENUM_CONVERSION = YES;
				CLANG_WARN_INT_CONVERSION = YES;
				CLANG_WARN_OBJC_ROOT_CLASS = YES_ERROR;
				CLANG_WARN_UNREACHABLE_CODE = YES;
				CLANG_WARN__DUPLICATE_METHOD_MATCH = YES;
				"CODE_SIGN_IDENTITY[sdk=iphoneos*]" = "iPhone Developer";
				COPY_PHASE_STRIP = NO;
				DEBUG_INFORMATION_FORMAT = "dwarf-with-dsym";
				ENABLE_STRICT_OBJC_MSGSEND = YES;
				GCC_C_LANGUAGE_STANDARD = gnu99;
				GCC_DYNAMIC_NO_PIC = NO;
				GCC_NO_COMMON_BLOCKS = YES;
				GCC_OPTIMIZATION_LEVEL = 0;
				GCC_PREPROCESSOR_DEFINITIONS = (
					"DEBUG=1",
					"$(inherited)",
				);
				GCC_SYMBOLS_PRIVATE_EXTERN = NO;
				GCC_WARN_64_TO_32_BIT_CONVERSION = YES;
				GCC_WARN_ABOUT_RETURN_TYPE = YES_ERROR;
				GCC_WARN_UNDECLARED_SELECTOR = YES;
				GCC_WARN_UNINITIALIZED_AUTOS = YES_AGGRESSIVE;
				GCC_WARN_UNUSED_FUNCTION = YES;
				GCC_WARN_UNUSED_VARIABLE = YES;
				IPHONEOS_DEPLOYMENT_TARGET = 8.3;
				MTL_ENABLE_DEBUG_INFO = YES;
				ONLY_ACTIVE_ARCH = YES;
				SDKROOT = iphoneos;
			};
			name = Debug;
		};
		02132BFA1C1914A300BA90D9 /* Release */ = {
			isa = XCBuildConfiguration;
			buildSettings = {
				ALWAYS_SEARCH_USER_PATHS = NO;
				CLANG_CXX_LANGUAGE_STANDARD = "gnu++0x";
				CLANG_CXX_LIBRARY = "libc++";
				CLANG_ENABLE_MODULES = YES;
				CLANG_ENABLE_OBJC_ARC = YES;
				CLANG_WARN_BOOL_CONVERSION = YES;
				CLANG_WARN_CONSTANT_CONVERSION = YES;
				CLANG_WARN_DIRECT_OBJC_ISA_USAGE = YES_ERROR;
				CLANG_WARN_EMPTY_BODY = YES;
				CLANG_WARN_ENUM_CONVERSION = YES;
				CLANG_WARN_INT_CONVERSION = YES;
				CLANG_WARN_OBJC_ROOT_CLASS = YES_ERROR;
				CLANG_WARN_UNREACHABLE_CODE = YES;
				CLANG_WARN__DUPLICATE_METHOD_MATCH = YES;
				"CODE_SIGN_IDENTITY[sdk=iphoneos*]" = "iPhone Developer";
				COPY_PHASE_STRIP = NO;
				DEBUG_INFORMATION_FORMAT = "dwarf-with-dsym";
				ENABLE_NS_ASSERTIONS = NO;
				ENABLE_STRICT_OBJC_MSGSEND = YES;
				GCC_C_LANGUAGE_STANDARD = gnu99;
				GCC_NO_COMMON_BLOCKS = YES;
				GCC_WARN_64_TO_32_BIT_CONVERSION = YES;
				GCC_WARN_ABOUT_RETURN_TYPE = YES_ERROR;
				GCC_WARN_UNDECLARED_SELECTOR = YES;
				GCC_WARN_UNINITIALIZED_AUTOS = YES_AGGRESSIVE;
				GCC_WARN_UNUSED_FUNCTION = YES;
				GCC_WARN_UNUSED_VARIABLE = YES;
				IPHONEOS_DEPLOYMENT_TARGET = 8.3;
				MTL_ENABLE_DEBUG_INFO = NO;
				SDKROOT = iphoneos;
				VALIDATE_PRODUCT = YES;
			};
			name = Release;
		};
		02132BFC1C1914A300BA90D9 /* Debug */ = {
			isa = XCBuildConfiguration;
			buildSettings = {
				ASSETCATALOG_COMPILER_APPICON_NAME = AppIcon;
				INFOPLIST_FILE = MessageDemo/Info.plist;
				LD_RUNPATH_SEARCH_PATHS = "$(inherited) @executable_path/Frameworks";
				PRODUCT_NAME = "$(TARGET_NAME)";
			};
			name = Debug;
		};
		02132BFD1C1914A300BA90D9 /* Release */ = {
			isa = XCBuildConfiguration;
			buildSettings = {
				ASSETCATALOG_COMPILER_APPICON_NAME = AppIcon;
				INFOPLIST_FILE = MessageDemo/Info.plist;
				LD_RUNPATH_SEARCH_PATHS = "$(inherited) @executable_path/Frameworks";
				PRODUCT_NAME = "$(TARGET_NAME)";
			};
			name = Release;
		};
		02132BFF1C1914A300BA90D9 /* Debug */ = {
			isa = XCBuildConfiguration;
			buildSettings = {
				BUNDLE_LOADER = "$(TEST_HOST)";
				FRAMEWORK_SEARCH_PATHS = (
					"$(SDKROOT)/Developer/Library/Frameworks",
					"$(inherited)",
				);
				GCC_PREPROCESSOR_DEFINITIONS = (
					"DEBUG=1",
					"$(inherited)",
				);
				INFOPLIST_FILE = MessageDemoTests/Info.plist;
				LD_RUNPATH_SEARCH_PATHS = "$(inherited) @executable_path/Frameworks @loader_path/Frameworks";
				PRODUCT_NAME = "$(TARGET_NAME)";
				TEST_HOST = "$(BUILT_PRODUCTS_DIR)/MessageDemo.app/MessageDemo";
			};
			name = Debug;
		};
		02132C001C1914A300BA90D9 /* Release */ = {
			isa = XCBuildConfiguration;
			buildSettings = {
				BUNDLE_LOADER = "$(TEST_HOST)";
				FRAMEWORK_SEARCH_PATHS = (
					"$(SDKROOT)/Developer/Library/Frameworks",
					"$(inherited)",
				);
				INFOPLIST_FILE = MessageDemoTests/Info.plist;
				LD_RUNPATH_SEARCH_PATHS = "$(inherited) @executable_path/Frameworks @loader_path/Frameworks";
				PRODUCT_NAME = "$(TARGET_NAME)";
				TEST_HOST = "$(BUILT_PRODUCTS_DIR)/MessageDemo.app/MessageDemo";
			};
			name = Release;
		};
/* End XCBuildConfiguration section */

/* Begin XCConfigurationList section */
		02132BD31C1914A300BA90D9 /* Build configuration list for PBXProject "MessageDemo" */ = {
			isa = XCConfigurationList;
			buildConfigurations = (
				02132BF91C1914A300BA90D9 /* Debug */,
				02132BFA1C1914A300BA90D9 /* Release */,
			);
			defaultConfigurationIsVisible = 0;
			defaultConfigurationName = Release;
		};
		02132BFB1C1914A300BA90D9 /* Build configuration list for PBXNativeTarget "MessageDemo" */ = {
			isa = XCConfigurationList;
			buildConfigurations = (
				02132BFC1C1914A300BA90D9 /* Debug */,
				02132BFD1C1914A300BA90D9 /* Release */,
			);
			defaultConfigurationIsVisible = 0;
		};
		02132BFE1C1914A300BA90D9 /* Build configuration list for PBXNativeTarget "MessageDemoTests" */ = {
			isa = XCConfigurationList;
			buildConfigurations = (
				02132BFF1C1914A300BA90D9 /* Debug */,
				02132C001C1914A300BA90D9 /* Release */,
			);
			defaultConfigurationIsVisible = 0;
		};
/* End XCConfigurationList section */
	};
	rootObject = 02132BD01C1914A300BA90D9 /* Project object */;
}
